
Microsoft Visual Studio Solution File, Format Version 12.00
# Visual Studio Version 16
VisualStudioVersion = 16.0.30320.27
MinimumVisualStudioVersion = 10.0.40219.1
Project("{FAE04EC0-301F-11D3-BF4B-00C04F79EFBC}") = "SurfaceSolid", "SurfaceSolid\SurfaceSolid.csproj", "{9FF574DC-B6D9-4800-B5C4-A0A81487E757}"
EndProject
Global
	GlobalSection(SolutionConfigurationPlatforms) = preSolution
		Debug|Any CPU = Debug|Any CPU
		Release|Any CPU = Release|Any CPU
	EndGlobalSection
	GlobalSection(ProjectConfigurationPlatforms) = postSolution
		{9FF574DC-B6D9-4800-B5C4-A0A81487E757}.Debug|Any CPU.ActiveCfg = Debug|Any CPU
		{9FF574DC-B6D9-4800-B5C4-A0A81487E757}.Debug|Any CPU.Build.0 = Debug|Any CPU
		{9FF574DC-B6D9-4800-B5C4-A0A81487E757}.Release|Any CPU.ActiveCfg = Release|Any CPU
		{9FF574DC-B6D9-4800-B5C4-A0A81487E757}.Release|Any CPU.Build.0 = Release|Any CPU
	EndGlobalSection
	GlobalSection(SolutionProperties) = preSolution
		HideSolutionNode = FALSE
	EndGlobalSection
	GlobalSection(ExtensibilityGlobals) = postSolution
		SolutionGuid = {B3F4FF5C-5536-43C6-9BE5-3C9C45A58C7B}
	EndGlobalSection
EndGlobal
